
Microsoft Visual Studio Solution File, Format Version 12.00
# Visual Studio Version 16
VisualStudioVersion = 16.0.29911.84
MinimumVisualStudioVersion = 10.0.40219.1
Project("{9A19103F-16F7-4668-BE54-9A1E7A4F7556}") = "Grpc.Extension", "src\Grpc.Extension\Grpc.Extension.csproj", "{3340E08A-22AA-4024-8D77-03B7CB5DC341}"
EndProject
Project("{2150E333-8FDC-42A3-9474-1A3956D46DE8}") = "Examples", "Examples", "{4C928E46-8040-4B94-B73F-4D4412741F83}"
EndProject
Project("{FAE04EC0-301F-11D3-BF4B-00C04F79EFBC}") = "GreeterServer", "examples\Greeter\GreeterServer\GreeterServer.csproj", "{A7706C84-92D2-4B7A-B779-76B64D2950EC}"
EndProject
Project("{2150E333-8FDC-42A3-9474-1A3956D46DE8}") = "FM.GrpcDashboard", "FM.GrpcDashboard", "{0EF7BF4A-D275-4AF3-9C06-13AB154CED76}"
EndProject
Project("{9A19103F-16F7-4668-BE54-9A1E7A4F7556}") = "FM.GrpcDashboard", "src\FM.GrpcDashboard\src\FM.GrpcDashboard\FM.GrpcDashboard.csproj", "{2A959582-34C8-4556-AD13-093ED5917FCF}"
EndProject
Project("{2150E333-8FDC-42A3-9474-1A3956D46DE8}") = "Greeter", "Greeter", "{94B12F76-D786-4D94-A9F4-8DD7DD73685F}"
EndProject
Project("{2150E333-8FDC-42A3-9474-1A3956D46DE8}") = "CodeFirst", "CodeFirst", "{BE41EB1C-CB4F-4EDD-9E47-17D54308B014}"
EndProject
Project("{9A19103F-16F7-4668-BE54-9A1E7A4F7556}") = "MathServer", "examples\CodeFirst\MathServer\MathServer.csproj", "{D8942E3B-2EE2-454E-85D6-A87ED1BE3907}"
EndProject
Project("{9A19103F-16F7-4668-BE54-9A1E7A4F7556}") = "Math", "examples\CodeFirst\Math\Math.csproj", "{4BDF0944-F493-4D6B-BC30-A7C349E7080E}"
EndProject
Project("{9A19103F-16F7-4668-BE54-9A1E7A4F7556}") = "MathClient", "examples\CodeFirst\MathClient\MathClient.csproj", "{EE3555D8-A6BA-4340-9F56-121B24C48E0C}"
EndProject
Project("{9A19103F-16F7-4668-BE54-9A1E7A4F7556}") = "Grpc.Extension.Client", "src\Grpc.Extension.Client\Grpc.Extension.Client.csproj", "{0F3671E3-7843-48D5-ABF0-B5237CC56B45}"
EndProject
Project("{9A19103F-16F7-4668-BE54-9A1E7A4F7556}") = "Grpc.Extension.Common", "src\Grpc.Extension.Common\Grpc.Extension.Common.csproj", "{BE4E2E14-F62A-42D7-A2A4-A6629BAC6E73}"
EndProject
Project("{9A19103F-16F7-4668-BE54-9A1E7A4F7556}") = "Grpc.Extension.Discovery", "src\Grpc.Extension.Discovery\Grpc.Extension.Discovery.csproj", "{89C1E590-1AC9-4107-A5EF-CB66410DCF32}"
EndProject
Project("{9A19103F-16F7-4668-BE54-9A1E7A4F7556}") = "Grpc.Extension.Abstract", "src\Grpc.Extension.Abstract\Grpc.Extension.Abstract.csproj", "{ABCD8408-7BED-431F-BBC2-E880DC597EB5}"
EndProject
Project("{9A19103F-16F7-4668-BE54-9A1E7A4F7556}") = "Grpc.Extension.AspNetCore", "src\Grpc.Extension.AspNetCore\Grpc.Extension.AspNetCore.csproj", "{5EC20A87-DF9C-4A79-B847-EB7DD5C1553F}"
EndProject
Project("{9A19103F-16F7-4668-BE54-9A1E7A4F7556}") = "MathServer.AspNetCore", "examples\CodeFirst\MathServer.AspNetCore\MathServer.AspNetCore.csproj", "{CF0443B5-DC32-4C80-B80E-A3F8D6E1792B}"
EndProject
Project("{FAE04EC0-301F-11D3-BF4B-00C04F79EFBC}") = "GreeterClientTest", "examples\Greeter\GreeterClientTest\GreeterClientTest.csproj", "{ACCF4597-3748-4117-8633-1CB767F8CCC3}"
EndProject
Project("{FAE04EC0-301F-11D3-BF4B-00C04F79EFBC}") = "GreeterClient", "examples\Greeter\GreeterClient\GreeterClient.csproj", "{724DFC8C-4B57-4C3F-811C-0463BE2A2829}"
EndProject
Project("{2150E333-8FDC-42A3-9474-1A3956D46DE8}") = "AspNetCore3.0", "AspNetCore3.0", "{291086F1-5608-46C9-9976-BD969B8C8256}"
EndProject
Global
	GlobalSection(SolutionConfigurationPlatforms) = preSolution
		Debug|Any CPU = Debug|Any CPU
		Release|Any CPU = Release|Any CPU
	EndGlobalSection
	GlobalSection(ProjectConfigurationPlatforms) = postSolution
		{3340E08A-22AA-4024-8D77-03B7CB5DC341}.Debug|Any CPU.ActiveCfg = Debug|Any CPU
		{3340E08A-22AA-4024-8D77-03B7CB5DC341}.Debug|Any CPU.Build.0 = Debug|Any CPU
		{3340E08A-22AA-4024-8D77-03B7CB5DC341}.Release|Any CPU.ActiveCfg = Release|Any CPU
		{3340E08A-22AA-4024-8D77-03B7CB5DC341}.Release|Any CPU.Build.0 = Release|Any CPU
		{A7706C84-92D2-4B7A-B779-76B64D2950EC}.Debug|Any CPU.ActiveCfg = Debug|Any CPU
		{A7706C84-92D2-4B7A-B779-76B64D2950EC}.Debug|Any CPU.Build.0 = Debug|Any CPU
		{A7706C84-92D2-4B7A-B779-76B64D2950EC}.Release|Any CPU.ActiveCfg = Release|Any CPU
		{A7706C84-92D2-4B7A-B779-76B64D2950EC}.Release|Any CPU.Build.0 = Release|Any CPU
		{2A959582-34C8-4556-AD13-093ED5917FCF}.Debug|Any CPU.ActiveCfg = Debug|Any CPU
		{2A959582-34C8-4556-AD13-093ED5917FCF}.Debug|Any CPU.Build.0 = Debug|Any CPU
		{2A959582-34C8-4556-AD13-093ED5917FCF}.Release|Any CPU.ActiveCfg = Release|Any CPU
		{2A959582-34C8-4556-AD13-093ED5917FCF}.Release|Any CPU.Build.0 = Release|Any CPU
		{D8942E3B-2EE2-454E-85D6-A87ED1BE3907}.Debug|Any CPU.ActiveCfg = Debug|Any CPU
		{D8942E3B-2EE2-454E-85D6-A87ED1BE3907}.Debug|Any CPU.Build.0 = Debug|Any CPU
		{D8942E3B-2EE2-454E-85D6-A87ED1BE3907}.Release|Any CPU.ActiveCfg = Release|Any CPU
		{D8942E3B-2EE2-454E-85D6-A87ED1BE3907}.Release|Any CPU.Build.0 = Release|Any CPU
		{4BDF0944-F493-4D6B-BC30-A7C349E7080E}.Debug|Any CPU.ActiveCfg = Debug|Any CPU
		{4BDF0944-F493-4D6B-BC30-A7C349E7080E}.Debug|Any CPU.Build.0 = Debug|Any CPU
		{4BDF0944-F493-4D6B-BC30-A7C349E7080E}.Release|Any CPU.ActiveCfg = Release|Any CPU
		{4BDF0944-F493-4D6B-BC30-A7C349E7080E}.Release|Any CPU.Build.0 = Release|Any CPU
		{EE3555D8-A6BA-4340-9F56-121B24C48E0C}.Debug|Any CPU.ActiveCfg = Debug|Any CPU
		{EE3555D8-A6BA-4340-9F56-121B24C48E0C}.Debug|Any CPU.Build.0 = Debug|Any CPU
		{EE3555D8-A6BA-4340-9F56-121B24C48E0C}.Release|Any CPU.ActiveCfg = Release|Any CPU
		{EE3555D8-A6BA-4340-9F56-121B24C48E0C}.Release|Any CPU.Build.0 = Release|Any CPU
		{0F3671E3-7843-48D5-ABF0-B5237CC56B45}.Debug|Any CPU.ActiveCfg = Debug|Any CPU
		{0F3671E3-7843-48D5-ABF0-B5237CC56B45}.Debug|Any CPU.Build.0 = Debug|Any CPU
		{0F3671E3-7843-48D5-ABF0-B5237CC56B45}.Release|Any CPU.ActiveCfg = Release|Any CPU
		{0F3671E3-7843-48D5-ABF0-B5237CC56B45}.Release|Any CPU.Build.0 = Release|Any CPU
		{BE4E2E14-F62A-42D7-A2A4-A6629BAC6E73}.Debug|Any CPU.ActiveCfg = Debug|Any CPU
		{BE4E2E14-F62A-42D7-A2A4-A6629BAC6E73}.Debug|Any CPU.Build.0 = Debug|Any CPU
		{BE4E2E14-F62A-42D7-A2A4-A6629BAC6E73}.Release|Any CPU.ActiveCfg = Release|Any CPU
		{BE4E2E14-F62A-42D7-A2A4-A6629BAC6E73}.Release|Any CPU.Build.0 = Release|Any CPU
		{89C1E590-1AC9-4107-A5EF-CB66410DCF32}.Debug|Any CPU.ActiveCfg = Debug|Any CPU
		{89C1E590-1AC9-4107-A5EF-CB66410DCF32}.Debug|Any CPU.Build.0 = Debug|Any CPU
		{89C1E590-1AC9-4107-A5EF-CB66410DCF32}.Release|Any CPU.ActiveCfg = Release|Any CPU
		{89C1E590-1AC9-4107-A5EF-CB66410DCF32}.Release|Any CPU.Build.0 = Release|Any CPU
		{ABCD8408-7BED-431F-BBC2-E880DC597EB5}.Debug|Any CPU.ActiveCfg = Debug|Any CPU
		{ABCD8408-7BED-431F-BBC2-E880DC597EB5}.Debug|Any CPU.Build.0 = Debug|Any CPU
		{ABCD8408-7BED-431F-BBC2-E880DC597EB5}.Release|Any CPU.ActiveCfg = Release|Any CPU
		{ABCD8408-7BED-431F-BBC2-E880DC597EB5}.Release|Any CPU.Build.0 = Release|Any CPU
		{5EC20A87-DF9C-4A79-B847-EB7DD5C1553F}.Debug|Any CPU.ActiveCfg = Debug|Any CPU
		{5EC20A87-DF9C-4A79-B847-EB7DD5C1553F}.Debug|Any CPU.Build.0 = Debug|Any CPU
		{5EC20A87-DF9C-4A79-B847-EB7DD5C1553F}.Release|Any CPU.ActiveCfg = Release|Any CPU
		{5EC20A87-DF9C-4A79-B847-EB7DD5C1553F}.Release|Any CPU.Build.0 = Release|Any CPU
		{CF0443B5-DC32-4C80-B80E-A3F8D6E1792B}.Debug|Any CPU.ActiveCfg = Debug|Any CPU
		{CF0443B5-DC32-4C80-B80E-A3F8D6E1792B}.Debug|Any CPU.Build.0 = Debug|Any CPU
		{CF0443B5-DC32-4C80-B80E-A3F8D6E1792B}.Release|Any CPU.ActiveCfg = Release|Any CPU
		{CF0443B5-DC32-4C80-B80E-A3F8D6E1792B}.Release|Any CPU.Build.0 = Release|Any CPU
		{ACCF4597-3748-4117-8633-1CB767F8CCC3}.Debug|Any CPU.ActiveCfg = Debug|Any CPU
		{ACCF4597-3748-4117-8633-1CB767F8CCC3}.Debug|Any CPU.Build.0 = Debug|Any CPU
		{ACCF4597-3748-4117-8633-1CB767F8CCC3}.Release|Any CPU.ActiveCfg = Release|Any CPU
		{ACCF4597-3748-4117-8633-1CB767F8CCC3}.Release|Any CPU.Build.0 = Release|Any CPU
		{724DFC8C-4B57-4C3F-811C-0463BE2A2829}.Debug|Any CPU.ActiveCfg = Debug|Any CPU
		{724DFC8C-4B57-4C3F-811C-0463BE2A2829}.Debug|Any CPU.Build.0 = Debug|Any CPU
		{724DFC8C-4B57-4C3F-811C-0463BE2A2829}.Release|Any CPU.ActiveCfg = Release|Any CPU
		{724DFC8C-4B57-4C3F-811C-0463BE2A2829}.Release|Any CPU.Build.0 = Release|Any CPU
	EndGlobalSection
	GlobalSection(SolutionProperties) = preSolution
		HideSolutionNode = FALSE
	EndGlobalSection
	GlobalSection(NestedProjects) = preSolution
		{A7706C84-92D2-4B7A-B779-76B64D2950EC} = {94B12F76-D786-4D94-A9F4-8DD7DD73685F}
		{2A959582-34C8-4556-AD13-093ED5917FCF} = {0EF7BF4A-D275-4AF3-9C06-13AB154CED76}
		{94B12F76-D786-4D94-A9F4-8DD7DD73685F} = {4C928E46-8040-4B94-B73F-4D4412741F83}
		{BE41EB1C-CB4F-4EDD-9E47-17D54308B014} = {4C928E46-8040-4B94-B73F-4D4412741F83}
		{D8942E3B-2EE2-454E-85D6-A87ED1BE3907} = {BE41EB1C-CB4F-4EDD-9E47-17D54308B014}
		{4BDF0944-F493-4D6B-BC30-A7C349E7080E} = {BE41EB1C-CB4F-4EDD-9E47-17D54308B014}
		{EE3555D8-A6BA-4340-9F56-121B24C48E0C} = {BE41EB1C-CB4F-4EDD-9E47-17D54308B014}
		{5EC20A87-DF9C-4A79-B847-EB7DD5C1553F} = {291086F1-5608-46C9-9976-BD969B8C8256}
		{CF0443B5-DC32-4C80-B80E-A3F8D6E1792B} = {BE41EB1C-CB4F-4EDD-9E47-17D54308B014}
		{ACCF4597-3748-4117-8633-1CB767F8CCC3} = {94B12F76-D786-4D94-A9F4-8DD7DD73685F}
		{724DFC8C-4B57-4C3F-811C-0463BE2A2829} = {94B12F76-D786-4D94-A9F4-8DD7DD73685F}
	EndGlobalSection
	GlobalSection(ExtensibilityGlobals) = postSolution
		SolutionGuid = {89FBBEF6-DF3C-43D4-BD32-075D5E3D14F2}
	EndGlobalSection
EndGlobal
