
Microsoft Visual Studio Solution File, Format Version 12.00
# Visual Studio 15
VisualStudioVersion = 15.0.28010.2019
MinimumVisualStudioVersion = 10.0.40219.1
Project("{9A19103F-16F7-4668-BE54-9A1E7A4F7556}") = "Grpc.Extension", "src\Grpc.Extension\Grpc.Extension.csproj", "{3340E08A-22AA-4024-8D77-03B7CB5DC341}"
EndProject
Project("{2150E333-8FDC-42A3-9474-1A3956D46DE8}") = "Examples", "Examples", "{4C928E46-8040-4B94-B73F-4D4412741F83}"
EndProject
Project("{FAE04EC0-301F-11D3-BF4B-00C04F79EFBC}") = "Greeter", "examples\Greeter\Greeter\Greeter.csproj", "{724DFC8C-4B57-4C3F-811C-0463BE2A2829}"
EndProject
Project("{FAE04EC0-301F-11D3-BF4B-00C04F79EFBC}") = "GreeterClient", "examples\Greeter\GreeterClient\GreeterClient.csproj", "{ACCF4597-3748-4117-8633-1CB767F8CCC3}"
EndProject
Project("{FAE04EC0-301F-11D3-BF4B-00C04F79EFBC}") = "GreeterServer", "examples\Greeter\GreeterServer\GreeterServer.csproj", "{A7706C84-92D2-4B7A-B779-76B64D2950EC}"
EndProject
Project("{2150E333-8FDC-42A3-9474-1A3956D46DE8}") = "FM.GrpcDashboard", "FM.GrpcDashboard", "{0EF7BF4A-D275-4AF3-9C06-13AB154CED76}"
EndProject
Project("{9A19103F-16F7-4668-BE54-9A1E7A4F7556}") = "FM.GrpcDashboard", "src\FM.GrpcDashboard\src\FM.GrpcDashboard\FM.GrpcDashboard.csproj", "{2A959582-34C8-4556-AD13-093ED5917FCF}"
EndProject
Project("{2150E333-8FDC-42A3-9474-1A3956D46DE8}") = "Greeter", "Greeter", "{94B12F76-D786-4D94-A9F4-8DD7DD73685F}"
EndProject
Global
	GlobalSection(SolutionConfigurationPlatforms) = preSolution
		Debug|Any CPU = Debug|Any CPU
		Release|Any CPU = Release|Any CPU
	EndGlobalSection
	GlobalSection(ProjectConfigurationPlatforms) = postSolution
		{3340E08A-22AA-4024-8D77-03B7CB5DC341}.Debug|Any CPU.ActiveCfg = Debug|Any CPU
		{3340E08A-22AA-4024-8D77-03B7CB5DC341}.Debug|Any CPU.Build.0 = Debug|Any CPU
		{3340E08A-22AA-4024-8D77-03B7CB5DC341}.Release|Any CPU.ActiveCfg = Release|Any CPU
		{3340E08A-22AA-4024-8D77-03B7CB5DC341}.Release|Any CPU.Build.0 = Release|Any CPU
		{724DFC8C-4B57-4C3F-811C-0463BE2A2829}.Debug|Any CPU.ActiveCfg = Debug|Any CPU
		{724DFC8C-4B57-4C3F-811C-0463BE2A2829}.Debug|Any CPU.Build.0 = Debug|Any CPU
		{724DFC8C-4B57-4C3F-811C-0463BE2A2829}.Release|Any CPU.ActiveCfg = Release|Any CPU
		{724DFC8C-4B57-4C3F-811C-0463BE2A2829}.Release|Any CPU.Build.0 = Release|Any CPU
		{ACCF4597-3748-4117-8633-1CB767F8CCC3}.Debug|Any CPU.ActiveCfg = Debug|Any CPU
		{ACCF4597-3748-4117-8633-1CB767F8CCC3}.Debug|Any CPU.Build.0 = Debug|Any CPU
		{ACCF4597-3748-4117-8633-1CB767F8CCC3}.Release|Any CPU.ActiveCfg = Release|Any CPU
		{ACCF4597-3748-4117-8633-1CB767F8CCC3}.Release|Any CPU.Build.0 = Release|Any CPU
		{A7706C84-92D2-4B7A-B779-76B64D2950EC}.Debug|Any CPU.ActiveCfg = Debug|Any CPU
		{A7706C84-92D2-4B7A-B779-76B64D2950EC}.Debug|Any CPU.Build.0 = Debug|Any CPU
		{A7706C84-92D2-4B7A-B779-76B64D2950EC}.Release|Any CPU.ActiveCfg = Release|Any CPU
		{A7706C84-92D2-4B7A-B779-76B64D2950EC}.Release|Any CPU.Build.0 = Release|Any CPU
		{2A959582-34C8-4556-AD13-093ED5917FCF}.Debug|Any CPU.ActiveCfg = Debug|Any CPU
		{2A959582-34C8-4556-AD13-093ED5917FCF}.Debug|Any CPU.Build.0 = Debug|Any CPU
		{2A959582-34C8-4556-AD13-093ED5917FCF}.Release|Any CPU.ActiveCfg = Release|Any CPU
		{2A959582-34C8-4556-AD13-093ED5917FCF}.Release|Any CPU.Build.0 = Release|Any CPU
	EndGlobalSection
	GlobalSection(SolutionProperties) = preSolution
		HideSolutionNode = FALSE
	EndGlobalSection
	GlobalSection(NestedProjects) = preSolution
		{724DFC8C-4B57-4C3F-811C-0463BE2A2829} = {94B12F76-D786-4D94-A9F4-8DD7DD73685F}
		{ACCF4597-3748-4117-8633-1CB767F8CCC3} = {94B12F76-D786-4D94-A9F4-8DD7DD73685F}
		{A7706C84-92D2-4B7A-B779-76B64D2950EC} = {94B12F76-D786-4D94-A9F4-8DD7DD73685F}
		{2A959582-34C8-4556-AD13-093ED5917FCF} = {0EF7BF4A-D275-4AF3-9C06-13AB154CED76}
		{94B12F76-D786-4D94-A9F4-8DD7DD73685F} = {4C928E46-8040-4B94-B73F-4D4412741F83}
	EndGlobalSection
	GlobalSection(ExtensibilityGlobals) = postSolution
		SolutionGuid = {89FBBEF6-DF3C-43D4-BD32-075D5E3D14F2}
	EndGlobalSection
EndGlobal
